// !$*UTF8*$!
{
	archiveVersion = 1;
	classes = {
	};
	objectVersion = 48;
	objects = {

/* Begin PBXBuildFile section */
		072FF68A214A1CE100C7BD75 /* thumbnail.png in Resources */ = {isa = PBXBuildFile; fileRef = 072FF688214A1CE100C7BD75 /* thumbnail.png */; };
		072FF68B214A1CE100C7BD75 /* thumbnail@2x.png in Resources */ = {isa = PBXBuildFile; fileRef = 072FF689214A1CE100C7BD75 /* thumbnail@2x.png */; };
		933C90111FFC70A7004F93BB /* saverView.swift in Sources */ = {isa = PBXBuildFile; fileRef = 933C90101FFC70A7004F93BB /* saverView.swift */; };
		93CA31ED1FFDCCAA004D7F50 /* NSImageExtensions.swift in Sources */ = {isa = PBXBuildFile; fileRef = 93CA31EC1FFDCCAA004D7F50 /* NSImageExtensions.swift */; };
		93CA31EF1FFDCDB0004D7F50 /* NSBundleExtensions.swift in Sources */ = {isa = PBXBuildFile; fileRef = 93CA31EE1FFDCDB0004D7F50 /* NSBundleExtensions.swift */; };
		93CA31F11FFDCE8A004D7F50 /* texture.png in Resources */ = {isa = PBXBuildFile; fileRef = 93CA31F01FFDCE8A004D7F50 /* texture.png */; };
		93D4DE8E2BC70D780088AE80 /* AppDelegate.swift in Sources */ = {isa = PBXBuildFile; fileRef = 93D4DE8D2BC70D780088AE80 /* AppDelegate.swift */; };
		93D4DE902BC70D790088AE80 /* Assets.xcassets in Resources */ = {isa = PBXBuildFile; fileRef = 93D4DE8F2BC70D790088AE80 /* Assets.xcassets */; };
		93D4DE932BC70D790088AE80 /* Base in Resources */ = {isa = PBXBuildFile; fileRef = 93D4DE922BC70D790088AE80 /* Base */; };
/* End PBXBuildFile section */

/* Begin PBXContainerItemProxy section */
		93D4DE982BC70FF70088AE80 /* PBXContainerItemProxy */ = {
			isa = PBXContainerItemProxy;
			containerPortal = 933671161FFC0E8A007CCCEB /* Project object */;
			proxyType = 1;
			remoteGlobalIDString = 9336711E1FFC0E8A007CCCEB;
			remoteInfo = Tetracono;
		};
/* End PBXContainerItemProxy section */

/* Begin PBXFileReference section */
		072FF688214A1CE100C7BD75 /* thumbnail.png */ = {isa = PBXFileReference; lastKnownFileType = image.png; path = thumbnail.png; sourceTree = "<group>"; };
		072FF689214A1CE100C7BD75 /* thumbnail@2x.png */ = {isa = PBXFileReference; lastKnownFileType = image.png; path = "thumbnail@2x.png"; sourceTree = "<group>"; };
		9336711F1FFC0E8A007CCCEB /* Tetracono.saver */ = {isa = PBXFileReference; explicitFileType = wrapper.cfbundle; includeInIndex = 0; path = Tetracono.saver; sourceTree = BUILT_PRODUCTS_DIR; };
		933671261FFC0E8A007CCCEB /* Info.plist */ = {isa = PBXFileReference; lastKnownFileType = text.plist.xml; path = Info.plist; sourceTree = "<group>"; };
		933C90101FFC70A7004F93BB /* saverView.swift */ = {isa = PBXFileReference; lastKnownFileType = sourcecode.swift; path = saverView.swift; sourceTree = "<group>"; };
		93CA31EC1FFDCCAA004D7F50 /* NSImageExtensions.swift */ = {isa = PBXFileReference; lastKnownFileType = sourcecode.swift; path = NSImageExtensions.swift; sourceTree = "<group>"; };
		93CA31EE1FFDCDB0004D7F50 /* NSBundleExtensions.swift */ = {isa = PBXFileReference; lastKnownFileType = sourcecode.swift; path = NSBundleExtensions.swift; sourceTree = "<group>"; };
		93CA31F01FFDCE8A004D7F50 /* texture.png */ = {isa = PBXFileReference; lastKnownFileType = image.png; path = texture.png; sourceTree = "<group>"; };
		93D4DE8B2BC70D780088AE80 /* Runner.app */ = {isa = PBXFileReference; explicitFileType = wrapper.application; includeInIndex = 0; path = Runner.app; sourceTree = BUILT_PRODUCTS_DIR; };
		93D4DE8D2BC70D780088AE80 /* AppDelegate.swift */ = {isa = PBXFileReference; lastKnownFileType = sourcecode.swift; path = AppDelegate.swift; sourceTree = "<group>"; };
		93D4DE8F2BC70D790088AE80 /* Assets.xcassets */ = {isa = PBXFileReference; lastKnownFileType = folder.assetcatalog; path = Assets.xcassets; sourceTree = "<group>"; };
		93D4DE922BC70D790088AE80 /* Base */ = {isa = PBXFileReference; lastKnownFileType = file.xib; name = Base; path = Base.lproj/MainMenu.xib; sourceTree = "<group>"; };
		93D4DE942BC70D790088AE80 /* Runner.entitlements */ = {isa = PBXFileReference; lastKnownFileType = text.plist.entitlements; path = Runner.entitlements; sourceTree = "<group>"; };
/* End PBXFileReference section */

/* Begin PBXFrameworksBuildPhase section */
		9336711B1FFC0E8A007CCCEB /* Frameworks */ = {
			isa = PBXFrameworksBuildPhase;
			buildActionMask = 2147483647;
			files = (
			);
			runOnlyForDeploymentPostprocessing = 0;
		};
		93D4DE882BC70D780088AE80 /* Frameworks */ = {
			isa = PBXFrameworksBuildPhase;
			buildActionMask = 2147483647;
			files = (
			);
			runOnlyForDeploymentPostprocessing = 0;
		};
/* End PBXFrameworksBuildPhase section */

/* Begin PBXGroup section */
		933671151FFC0E8A007CCCEB = {
			isa = PBXGroup;
			children = (
				93D4DE8C2BC70D780088AE80 /* Runner */,
				933671211FFC0E8A007CCCEB /* tetracono */,
				933671201FFC0E8A007CCCEB /* Products */,
			);
			sourceTree = "<group>";
		};
		933671201FFC0E8A007CCCEB /* Products */ = {
			isa = PBXGroup;
			children = (
				9336711F1FFC0E8A007CCCEB /* Tetracono.saver */,
				93D4DE8B2BC70D780088AE80 /* Runner.app */,
			);
			name = Products;
			sourceTree = "<group>";
		};
		933671211FFC0E8A007CCCEB /* tetracono */ = {
			isa = PBXGroup;
			children = (
				933C90101FFC70A7004F93BB /* saverView.swift */,
				93CA31EC1FFDCCAA004D7F50 /* NSImageExtensions.swift */,
				93CA31EE1FFDCDB0004D7F50 /* NSBundleExtensions.swift */,
				93CA31F01FFDCE8A004D7F50 /* texture.png */,
				072FF688214A1CE100C7BD75 /* thumbnail.png */,
				072FF689214A1CE100C7BD75 /* thumbnail@2x.png */,
				933671261FFC0E8A007CCCEB /* Info.plist */,
			);
			path = tetracono;
			sourceTree = "<group>";
		};
		93D4DE8C2BC70D780088AE80 /* Runner */ = {
			isa = PBXGroup;
			children = (
				93D4DE8D2BC70D780088AE80 /* AppDelegate.swift */,
				93D4DE8F2BC70D790088AE80 /* Assets.xcassets */,
				93D4DE912BC70D790088AE80 /* MainMenu.xib */,
				93D4DE942BC70D790088AE80 /* Runner.entitlements */,
			);
			path = Runner;
			sourceTree = "<group>";
		};
/* End PBXGroup section */

/* Begin PBXHeadersBuildPhase section */
		9336711C1FFC0E8A007CCCEB /* Headers */ = {
			isa = PBXHeadersBuildPhase;
			buildActionMask = 2147483647;
			files = (
			);
			runOnlyForDeploymentPostprocessing = 0;
		};
/* End PBXHeadersBuildPhase section */

/* Begin PBXNativeTarget section */
		9336711E1FFC0E8A007CCCEB /* Tetracono */ = {
			isa = PBXNativeTarget;
			buildConfigurationList = 933671291FFC0E8A007CCCEB /* Build configuration list for PBXNativeTarget "Tetracono" */;
			buildPhases = (
				9336711A1FFC0E8A007CCCEB /* Sources */,
				9336711B1FFC0E8A007CCCEB /* Frameworks */,
				9336711C1FFC0E8A007CCCEB /* Headers */,
				9336711D1FFC0E8A007CCCEB /* Resources */,
			);
			buildRules = (
			);
			dependencies = (
			);
			name = Tetracono;
			productName = tetracono;
			productReference = 9336711F1FFC0E8A007CCCEB /* Tetracono.saver */;
			productType = "com.apple.product-type.bundle";
		};
		93D4DE8A2BC70D780088AE80 /* Runner */ = {
			isa = PBXNativeTarget;
			buildConfigurationList = 93D4DE972BC70D790088AE80 /* Build configuration list for PBXNativeTarget "Runner" */;
			buildPhases = (
				93D4DE872BC70D780088AE80 /* Sources */,
				93D4DE882BC70D780088AE80 /* Frameworks */,
				93D4DE892BC70D780088AE80 /* Resources */,
			);
			buildRules = (
			);
			dependencies = (
				93D4DE992BC70FF70088AE80 /* PBXTargetDependency */,
			);
			name = Runner;
			productName = Runner;
			productReference = 93D4DE8B2BC70D780088AE80 /* Runner.app */;
			productType = "com.apple.product-type.application";
		};
/* End PBXNativeTarget section */

/* Begin PBXProject section */
		933671161FFC0E8A007CCCEB /* Project object */ = {
			isa = PBXProject;
			attributes = {
				LastSwiftUpdateCheck = 1530;
				LastUpgradeCheck = 1420;
				ORGANIZATIONNAME = "O-R-G inc.";
				TargetAttributes = {
					9336711E1FFC0E8A007CCCEB = {
						CreatedOnToolsVersion = 9.2;
						LastSwiftMigration = 1030;
						ProvisioningStyle = Automatic;
					};
					93D4DE8A2BC70D780088AE80 = {
						CreatedOnToolsVersion = 15.3;
						ProvisioningStyle = Automatic;
					};
				};
			};
			buildConfigurationList = 933671191FFC0E8A007CCCEB /* Build configuration list for PBXProject "Tetracono" */;
			compatibilityVersion = "Xcode 8.0";
			developmentRegion = en;
			hasScannedForEncodings = 0;
			knownRegions = (
				en,
				Base,
			);
			mainGroup = 933671151FFC0E8A007CCCEB;
			productRefGroup = 933671201FFC0E8A007CCCEB /* Products */;
			projectDirPath = "";
			projectRoot = "";
			targets = (
				9336711E1FFC0E8A007CCCEB /* Tetracono */,
				93D4DE8A2BC70D780088AE80 /* Runner */,
			);
		};
/* End PBXProject section */

/* Begin PBXResourcesBuildPhase section */
		9336711D1FFC0E8A007CCCEB /* Resources */ = {
			isa = PBXResourcesBuildPhase;
			buildActionMask = 2147483647;
			files = (
				072FF68A214A1CE100C7BD75 /* thumbnail.png in Resources */,
				93CA31F11FFDCE8A004D7F50 /* texture.png in Resources */,
				072FF68B214A1CE100C7BD75 /* thumbnail@2x.png in Resources */,
			);
			runOnlyForDeploymentPostprocessing = 0;
		};
		93D4DE892BC70D780088AE80 /* Resources */ = {
			isa = PBXResourcesBuildPhase;
			buildActionMask = 2147483647;
			files = (
				93D4DE902BC70D790088AE80 /* Assets.xcassets in Resources */,
				93D4DE932BC70D790088AE80 /* Base in Resources */,
			);
			runOnlyForDeploymentPostprocessing = 0;
		};
/* End PBXResourcesBuildPhase section */

/* Begin PBXSourcesBuildPhase section */
		9336711A1FFC0E8A007CCCEB /* Sources */ = {
			isa = PBXSourcesBuildPhase;
			buildActionMask = 2147483647;
			files = (
				93CA31ED1FFDCCAA004D7F50 /* NSImageExtensions.swift in Sources */,
				93CA31EF1FFDCDB0004D7F50 /* NSBundleExtensions.swift in Sources */,
				933C90111FFC70A7004F93BB /* saverView.swift in Sources */,
			);
			runOnlyForDeploymentPostprocessing = 0;
		};
		93D4DE872BC70D780088AE80 /* Sources */ = {
			isa = PBXSourcesBuildPhase;
			buildActionMask = 2147483647;
			files = (
				93D4DE8E2BC70D780088AE80 /* AppDelegate.swift in Sources */,
			);
			runOnlyForDeploymentPostprocessing = 0;
		};
/* End PBXSourcesBuildPhase section */

/* Begin PBXTargetDependency section */
		93D4DE992BC70FF70088AE80 /* PBXTargetDependency */ = {
			isa = PBXTargetDependency;
			target = 9336711E1FFC0E8A007CCCEB /* Tetracono */;
			targetProxy = 93D4DE982BC70FF70088AE80 /* PBXContainerItemProxy */;
		};
/* End PBXTargetDependency section */

/* Begin PBXVariantGroup section */
		93D4DE912BC70D790088AE80 /* MainMenu.xib */ = {
			isa = PBXVariantGroup;
			children = (
				93D4DE922BC70D790088AE80 /* Base */,
			);
			name = MainMenu.xib;
			sourceTree = "<group>";
		};
/* End PBXVariantGroup section */

/* Begin XCBuildConfiguration section */
		933671271FFC0E8A007CCCEB /* Debug */ = {
			isa = XCBuildConfiguration;
			buildSettings = {
				ALWAYS_EMBED_SWIFT_STANDARD_LIBRARIES = YES;
				ALWAYS_SEARCH_USER_PATHS = NO;
				CLANG_ANALYZER_NONNULL = YES;
				CLANG_ANALYZER_NUMBER_OBJECT_CONVERSION = YES_AGGRESSIVE;
				CLANG_CXX_LANGUAGE_STANDARD = "gnu++14";
				CLANG_CXX_LIBRARY = "libc++";
				CLANG_ENABLE_MODULES = YES;
				CLANG_ENABLE_OBJC_ARC = YES;
				CLANG_WARN_BLOCK_CAPTURE_AUTORELEASING = YES;
				CLANG_WARN_BOOL_CONVERSION = YES;
				CLANG_WARN_COMMA = YES;
				CLANG_WARN_CONSTANT_CONVERSION = YES;
				CLANG_WARN_DEPRECATED_OBJC_IMPLEMENTATIONS = YES;
				CLANG_WARN_DIRECT_OBJC_ISA_USAGE = YES_ERROR;
				CLANG_WARN_DOCUMENTATION_COMMENTS = YES;
				CLANG_WARN_EMPTY_BODY = YES;
				CLANG_WARN_ENUM_CONVERSION = YES;
				CLANG_WARN_INFINITE_RECURSION = YES;
				CLANG_WARN_INT_CONVERSION = YES;
				CLANG_WARN_NON_LITERAL_NULL_CONVERSION = YES;
				CLANG_WARN_OBJC_IMPLICIT_RETAIN_SELF = YES;
				CLANG_WARN_OBJC_LITERAL_CONVERSION = YES;
				CLANG_WARN_OBJC_ROOT_CLASS = YES_ERROR;
				CLANG_WARN_QUOTED_INCLUDE_IN_FRAMEWORK_HEADER = YES;
				CLANG_WARN_RANGE_LOOP_ANALYSIS = YES;
				CLANG_WARN_STRICT_PROTOTYPES = YES;
				CLANG_WARN_SUSPICIOUS_MOVE = YES;
				CLANG_WARN_UNGUARDED_AVAILABILITY = YES_AGGRESSIVE;
				CLANG_WARN_UNREACHABLE_CODE = YES;
				CLANG_WARN__DUPLICATE_METHOD_MATCH = YES;
				CODE_SIGN_IDENTITY = "Mac Developer";
				COPY_PHASE_STRIP = NO;
				DEAD_CODE_STRIPPING = YES;
				DEBUG_INFORMATION_FORMAT = dwarf;
				ENABLE_STRICT_OBJC_MSGSEND = YES;
				ENABLE_TESTABILITY = YES;
				GCC_C_LANGUAGE_STANDARD = gnu11;
				GCC_DYNAMIC_NO_PIC = NO;
				GCC_NO_COMMON_BLOCKS = YES;
				GCC_OPTIMIZATION_LEVEL = 0;
				GCC_PREPROCESSOR_DEFINITIONS = (
					"DEBUG=1",
					"$(inherited)",
				);
				GCC_WARN_64_TO_32_BIT_CONVERSION = YES;
				GCC_WARN_ABOUT_RETURN_TYPE = YES_ERROR;
				GCC_WARN_UNDECLARED_SELECTOR = YES;
				GCC_WARN_UNINITIALIZED_AUTOS = YES_AGGRESSIVE;
				GCC_WARN_UNUSED_FUNCTION = YES;
				GCC_WARN_UNUSED_VARIABLE = YES;
				MACOSX_DEPLOYMENT_TARGET = "$(RECOMMENDED_MACOSX_DEPLOYMENT_TARGET)";
				MTL_ENABLE_DEBUG_INFO = YES;
				ONLY_ACTIVE_ARCH = YES;
				SDKROOT = macosx;
				SWIFT_VERSION = 4.0;
			};
			name = Debug;
		};
		933671281FFC0E8A007CCCEB /* Release */ = {
			isa = XCBuildConfiguration;
			buildSettings = {
				ALWAYS_EMBED_SWIFT_STANDARD_LIBRARIES = YES;
				ALWAYS_SEARCH_USER_PATHS = NO;
				CLANG_ANALYZER_NONNULL = YES;
				CLANG_ANALYZER_NUMBER_OBJECT_CONVERSION = YES_AGGRESSIVE;
				CLANG_CXX_LANGUAGE_STANDARD = "gnu++14";
				CLANG_CXX_LIBRARY = "libc++";
				CLANG_ENABLE_MODULES = YES;
				CLANG_ENABLE_OBJC_ARC = YES;
				CLANG_WARN_BLOCK_CAPTURE_AUTORELEASING = YES;
				CLANG_WARN_BOOL_CONVERSION = YES;
				CLANG_WARN_COMMA = YES;
				CLANG_WARN_CONSTANT_CONVERSION = YES;
				CLANG_WARN_DEPRECATED_OBJC_IMPLEMENTATIONS = YES;
				CLANG_WARN_DIRECT_OBJC_ISA_USAGE = YES_ERROR;
				CLANG_WARN_DOCUMENTATION_COMMENTS = YES;
				CLANG_WARN_EMPTY_BODY = YES;
				CLANG_WARN_ENUM_CONVERSION = YES;
				CLANG_WARN_INFINITE_RECURSION = YES;
				CLANG_WARN_INT_CONVERSION = YES;
				CLANG_WARN_NON_LITERAL_NULL_CONVERSION = YES;
				CLANG_WARN_OBJC_IMPLICIT_RETAIN_SELF = YES;
				CLANG_WARN_OBJC_LITERAL_CONVERSION = YES;
				CLANG_WARN_OBJC_ROOT_CLASS = YES_ERROR;
				CLANG_WARN_QUOTED_INCLUDE_IN_FRAMEWORK_HEADER = YES;
				CLANG_WARN_RANGE_LOOP_ANALYSIS = YES;
				CLANG_WARN_STRICT_PROTOTYPES = YES;
				CLANG_WARN_SUSPICIOUS_MOVE = YES;
				CLANG_WARN_UNGUARDED_AVAILABILITY = YES_AGGRESSIVE;
				CLANG_WARN_UNREACHABLE_CODE = YES;
				CLANG_WARN__DUPLICATE_METHOD_MATCH = YES;
				CODE_SIGN_IDENTITY = "Mac Developer";
				COPY_PHASE_STRIP = NO;
				DEAD_CODE_STRIPPING = YES;
				DEBUG_INFORMATION_FORMAT = "dwarf-with-dsym";
				ENABLE_NS_ASSERTIONS = NO;
				ENABLE_STRICT_OBJC_MSGSEND = YES;
				GCC_C_LANGUAGE_STANDARD = gnu11;
				GCC_NO_COMMON_BLOCKS = YES;
				GCC_WARN_64_TO_32_BIT_CONVERSION = YES;
				GCC_WARN_ABOUT_RETURN_TYPE = YES_ERROR;
				GCC_WARN_UNDECLARED_SELECTOR = YES;
				GCC_WARN_UNINITIALIZED_AUTOS = YES_AGGRESSIVE;
				GCC_WARN_UNUSED_FUNCTION = YES;
				GCC_WARN_UNUSED_VARIABLE = YES;
				MACOSX_DEPLOYMENT_TARGET = "$(RECOMMENDED_MACOSX_DEPLOYMENT_TARGET)";
				MTL_ENABLE_DEBUG_INFO = NO;
				SDKROOT = macosx;
				SWIFT_COMPILATION_MODE = wholemodule;
				SWIFT_VERSION = 4.0;
			};
			name = Release;
		};
		9336712A1FFC0E8A007CCCEB /* Debug */ = {
			isa = XCBuildConfiguration;
			buildSettings = {
				ALWAYS_EMBED_SWIFT_STANDARD_LIBRARIES = YES;
				CLANG_ENABLE_MODULES = YES;
				CODE_SIGN_STYLE = Automatic;
				COMBINE_HIDPI_IMAGES = YES;
				DEAD_CODE_STRIPPING = YES;
				DEVELOPMENT_TEAM = 2T5W462SEL;
				INFOPLIST_FILE = tetracono/Info.plist;
				INSTALL_PATH = "$(HOME)/Library/Screen Savers";
				LD_RUNPATH_SEARCH_PATHS = "$(inherited) @executable_path/../Frameworks @loader_path/../Frameworks";
				MACOSX_DEPLOYMENT_TARGET = "$(RECOMMENDED_MACOSX_DEPLOYMENT_TARGET)";
				PRODUCT_BUNDLE_IDENTIFIER = "com.o-r-g.tetracono";
				PRODUCT_NAME = "$(TARGET_NAME)";
				SWIFT_OPTIMIZATION_LEVEL = "-Onone";
				SWIFT_VERSION = 5.0;
				WRAPPER_EXTENSION = saver;
			};
			name = Debug;
		};
		9336712B1FFC0E8A007CCCEB /* Release */ = {
			isa = XCBuildConfiguration;
			buildSettings = {
				ALWAYS_EMBED_SWIFT_STANDARD_LIBRARIES = YES;
				CLANG_ENABLE_MODULES = YES;
				CODE_SIGN_STYLE = Automatic;
				COMBINE_HIDPI_IMAGES = YES;
				DEAD_CODE_STRIPPING = YES;
				DEVELOPMENT_TEAM = 2T5W462SEL;
				INFOPLIST_FILE = tetracono/Info.plist;
				INSTALL_PATH = "$(HOME)/Library/Screen Savers";
				LD_RUNPATH_SEARCH_PATHS = "$(inherited) @executable_path/../Frameworks @loader_path/../Frameworks";
				MACOSX_DEPLOYMENT_TARGET = "$(RECOMMENDED_MACOSX_DEPLOYMENT_TARGET)";
				PRODUCT_BUNDLE_IDENTIFIER = "com.o-r-g.tetracono";
				PRODUCT_NAME = "$(TARGET_NAME)";
				SWIFT_VERSION = 5.0;
				WRAPPER_EXTENSION = saver;
			};
			name = Release;
		};
		93D4DE952BC70D790088AE80 /* Debug */ = {
			isa = XCBuildConfiguration;
			buildSettings = {
				ASSETCATALOG_COMPILER_APPICON_NAME = AppIcon;
				ASSETCATALOG_COMPILER_GENERATE_SWIFT_ASSET_SYMBOL_EXTENSIONS = YES;
				ASSETCATALOG_COMPILER_GLOBAL_ACCENT_COLOR_NAME = AccentColor;
				CLANG_CXX_LANGUAGE_STANDARD = "gnu++20";
				CLANG_ENABLE_OBJC_WEAK = YES;
				CODE_SIGN_ENTITLEMENTS = Runner/Runner.entitlements;
				CODE_SIGN_STYLE = Automatic;
				COMBINE_HIDPI_IMAGES = YES;
				CURRENT_PROJECT_VERSION = 1;
				DEVELOPMENT_TEAM = 2T5W462SEL;
				ENABLE_HARDENED_RUNTIME = YES;
				ENABLE_USER_SCRIPT_SANDBOXING = YES;
				GCC_C_LANGUAGE_STANDARD = gnu17;
				GENERATE_INFOPLIST_FILE = YES;
				INFOPLIST_KEY_NSHumanReadableCopyright = "Copyright © 2024 O-R-G inc. All rights reserved.";
				INFOPLIST_KEY_NSMainNibFile = MainMenu;
				INFOPLIST_KEY_NSPrincipalClass = NSApplication;
				LD_RUNPATH_SEARCH_PATHS = "$(inherited) @executable_path/../Frameworks";
				LOCALIZATION_PREFERS_STRING_CATALOGS = YES;
				MACOSX_DEPLOYMENT_TARGET = 14.4;
				MARKETING_VERSION = 1.0;
				MTL_ENABLE_DEBUG_INFO = INCLUDE_SOURCE;
				MTL_FAST_MATH = YES;
				PRODUCT_BUNDLE_IDENTIFIER = "com.o-r-g.Runner";
				PRODUCT_NAME = "$(TARGET_NAME)";
				SWIFT_ACTIVE_COMPILATION_CONDITIONS = "DEBUG $(inherited)";
				SWIFT_EMIT_LOC_STRINGS = YES;
				SWIFT_OPTIMIZATION_LEVEL = "-Onone";
				SWIFT_VERSION = 5.0;
			};
			name = Debug;
		};
		93D4DE962BC70D790088AE80 /* Release */ = {
			isa = XCBuildConfiguration;
			buildSettings = {
				ASSETCATALOG_COMPILER_APPICON_NAME = AppIcon;
				ASSETCATALOG_COMPILER_GENERATE_SWIFT_ASSET_SYMBOL_EXTENSIONS = YES;
				ASSETCATALOG_COMPILER_GLOBAL_ACCENT_COLOR_NAME = AccentColor;
				CLANG_CXX_LANGUAGE_STANDARD = "gnu++20";
				CLANG_ENABLE_OBJC_WEAK = YES;
				CODE_SIGN_ENTITLEMENTS = Runner/Runner.entitlements;
				CODE_SIGN_STYLE = Automatic;
				COMBINE_HIDPI_IMAGES = YES;
				CURRENT_PROJECT_VERSION = 1;
				DEVELOPMENT_TEAM = 2T5W462SEL;
				ENABLE_HARDENED_RUNTIME = YES;
				ENABLE_USER_SCRIPT_SANDBOXING = YES;
				GCC_C_LANGUAGE_STANDARD = gnu17;
				GENERATE_INFOPLIST_FILE = YES;
				INFOPLIST_KEY_NSHumanReadableCopyright = "Copyright © 2024 O-R-G inc. All rights reserved.";
				INFOPLIST_KEY_NSMainNibFile = MainMenu;
				INFOPLIST_KEY_NSPrincipalClass = NSApplication;
				LD_RUNPATH_SEARCH_PATHS = "$(inherited) @executable_path/../Frameworks";
				LOCALIZATION_PREFERS_STRING_CATALOGS = YES;
				MACOSX_DEPLOYMENT_TARGET = 14.4;
				MARKETING_VERSION = 1.0;
				MTL_FAST_MATH = YES;
				PRODUCT_BUNDLE_IDENTIFIER = "com.o-r-g.Runner";
				PRODUCT_NAME = "$(TARGET_NAME)";
				SWIFT_EMIT_LOC_STRINGS = YES;
				SWIFT_VERSION = 5.0;
			};
			name = Release;
		};
/* End XCBuildConfiguration section */

/* Begin XCConfigurationList section */
		933671191FFC0E8A007CCCEB /* Build configuration list for PBXProject "Tetracono" */ = {
			isa = XCConfigurationList;
			buildConfigurations = (
				933671271FFC0E8A007CCCEB /* Debug */,
				933671281FFC0E8A007CCCEB /* Release */,
			);
			defaultConfigurationIsVisible = 0;
			defaultConfigurationName = Release;
		};
		933671291FFC0E8A007CCCEB /* Build configuration list for PBXNativeTarget "Tetracono" */ = {
			isa = XCConfigurationList;
			buildConfigurations = (
				9336712A1FFC0E8A007CCCEB /* Debug */,
				9336712B1FFC0E8A007CCCEB /* Release */,
			);
			defaultConfigurationIsVisible = 0;
			defaultConfigurationName = Release;
		};
		93D4DE972BC70D790088AE80 /* Build configuration list for PBXNativeTarget "Runner" */ = {
			isa = XCConfigurationList;
			buildConfigurations = (
				93D4DE952BC70D790088AE80 /* Debug */,
				93D4DE962BC70D790088AE80 /* Release */,
			);
			defaultConfigurationIsVisible = 0;
			defaultConfigurationName = Release;
		};
/* End XCConfigurationList section */
	};
	rootObject = 933671161FFC0E8A007CCCEB /* Project object */;
}
