// !$*UTF8*$!
{
	archiveVersion = 1;
	classes = {
	};
	objectVersion = 48;
	objects = {

/* Begin PBXBuildFile section */
		072FF68A214A1CE100C7BD75 /* thumbnail.png in Resources */ = {isa = PBXBuildFile; fileRef = 072FF688214A1CE100C7BD75 /* thumbnail.png */; };
		072FF68B214A1CE100C7BD75 /* thumbnail@2x.png in Resources */ = {isa = PBXBuildFile; fileRef = 072FF689214A1CE100C7BD75 /* thumbnail@2x.png */; };
		933C90111FFC70A7004F93BB /* saverView.swift in Sources */ = {isa = PBXBuildFile; fileRef = 933C90101FFC70A7004F93BB /* saverView.swift */; };
		93CA31ED1FFDCCAA004D7F50 /* NSImageExtensions.swift in Sources */ = {isa = PBXBuildFile; fileRef = 93CA31EC1FFDCCAA004D7F50 /* NSImageExtensions.swift */; };
		93CA31EF1FFDCDB0004D7F50 /* NSBundleExtensions.swift in Sources */ = {isa = PBXBuildFile; fileRef = 93CA31EE1FFDCDB0004D7F50 /* NSBundleExtensions.swift */; };
		93CA31F11FFDCE8A004D7F50 /* texture.png in Resources */ = {isa = PBXBuildFile; fileRef = 93CA31F01FFDCE8A004D7F50 /* texture.png */; };
/* End PBXBuildFile section */

/* Begin PBXFileReference section */
		072FF688214A1CE100C7BD75 /* thumbnail.png */ = {isa = PBXFileReference; lastKnownFileType = image.png; path = thumbnail.png; sourceTree = "<group>"; };
		072FF689214A1CE100C7BD75 /* thumbnail@2x.png */ = {isa = PBXFileReference; lastKnownFileType = image.png; path = "thumbnail@2x.png"; sourceTree = "<group>"; };
		9336711F1FFC0E8A007CCCEB /* tetracono.saver */ = {isa = PBXFileReference; explicitFileType = wrapper.cfbundle; includeInIndex = 0; path = tetracono.saver; sourceTree = BUILT_PRODUCTS_DIR; };
		933671261FFC0E8A007CCCEB /* Info.plist */ = {isa = PBXFileReference; lastKnownFileType = text.plist.xml; path = Info.plist; sourceTree = "<group>"; };
		933C90101FFC70A7004F93BB /* saverView.swift */ = {isa = PBXFileReference; lastKnownFileType = sourcecode.swift; path = saverView.swift; sourceTree = "<group>"; };
		93CA31EC1FFDCCAA004D7F50 /* NSImageExtensions.swift */ = {isa = PBXFileReference; lastKnownFileType = sourcecode.swift; path = NSImageExtensions.swift; sourceTree = "<group>"; };
		93CA31EE1FFDCDB0004D7F50 /* NSBundleExtensions.swift */ = {isa = PBXFileReference; lastKnownFileType = sourcecode.swift; path = NSBundleExtensions.swift; sourceTree = "<group>"; };
		93CA31F01FFDCE8A004D7F50 /* texture.png */ = {isa = PBXFileReference; lastKnownFileType = image.png; path = texture.png; sourceTree = "<group>"; };
/* End PBXFileReference section */

/* Begin PBXFrameworksBuildPhase section */
		9336711B1FFC0E8A007CCCEB /* Frameworks */ = {
			isa = PBXFrameworksBuildPhase;
			buildActionMask = 2147483647;
			files = (
			);
			runOnlyForDeploymentPostprocessing = 0;
		};
/* End PBXFrameworksBuildPhase section */

/* Begin PBXGroup section */
		933671151FFC0E8A007CCCEB = {
			isa = PBXGroup;
			children = (
				933671211FFC0E8A007CCCEB /* tetracono */,
				933671201FFC0E8A007CCCEB /* Products */,
			);
			sourceTree = "<group>";
		};
		933671201FFC0E8A007CCCEB /* Products */ = {
			isa = PBXGroup;
			children = (
				9336711F1FFC0E8A007CCCEB /* tetracono.saver */,
			);
			name = Products;
			sourceTree = "<group>";
		};
		933671211FFC0E8A007CCCEB /* tetracono */ = {
			isa = PBXGroup;
			children = (
				933C90101FFC70A7004F93BB /* saverView.swift */,
				93CA31EC1FFDCCAA004D7F50 /* NSImageExtensions.swift */,
				93CA31EE1FFDCDB0004D7F50 /* NSBundleExtensions.swift */,
				93CA31F01FFDCE8A004D7F50 /* texture.png */,
				072FF688214A1CE100C7BD75 /* thumbnail.png */,
				072FF689214A1CE100C7BD75 /* thumbnail@2x.png */,
				933671261FFC0E8A007CCCEB /* Info.plist */,
			);
			path = tetracono;
			sourceTree = "<group>";
		};
/* End PBXGroup section */

/* Begin PBXHeadersBuildPhase section */
		9336711C1FFC0E8A007CCCEB /* Headers */ = {
			isa = PBXHeadersBuildPhase;
			buildActionMask = 2147483647;
			files = (
			);
			runOnlyForDeploymentPostprocessing = 0;
		};
/* End PBXHeadersBuildPhase section */

/* Begin PBXNativeTarget section */
		9336711E1FFC0E8A007CCCEB /* tetracono */ = {
			isa = PBXNativeTarget;
			buildConfigurationList = 933671291FFC0E8A007CCCEB /* Build configuration list for PBXNativeTarget "tetracono" */;
			buildPhases = (
				9336711A1FFC0E8A007CCCEB /* Sources */,
				9336711B1FFC0E8A007CCCEB /* Frameworks */,
				9336711C1FFC0E8A007CCCEB /* Headers */,
				9336711D1FFC0E8A007CCCEB /* Resources */,
			);
			buildRules = (
			);
			dependencies = (
			);
			name = tetracono;
			productName = tetracono;
			productReference = 9336711F1FFC0E8A007CCCEB /* tetracono.saver */;
			productType = "com.apple.product-type.bundle";
		};
/* End PBXNativeTarget section */

/* Begin PBXProject section */
		933671161FFC0E8A007CCCEB /* Project object */ = {
			isa = PBXProject;
			attributes = {
				LastUpgradeCheck = 0940;
				ORGANIZATIONNAME = "O-R-G inc.";
				TargetAttributes = {
					9336711E1FFC0E8A007CCCEB = {
						CreatedOnToolsVersion = 9.2;
						LastSwiftMigration = 0920;
						ProvisioningStyle = Automatic;
					};
				};
			};
			buildConfigurationList = 933671191FFC0E8A007CCCEB /* Build configuration list for PBXProject "tetracono" */;
			compatibilityVersion = "Xcode 8.0";
			developmentRegion = en;
			hasScannedForEncodings = 0;
			knownRegions = (
				en,
			);
			mainGroup = 933671151FFC0E8A007CCCEB;
			productRefGroup = 933671201FFC0E8A007CCCEB /* Products */;
			projectDirPath = "";
			projectRoot = "";
			targets = (
				9336711E1FFC0E8A007CCCEB /* tetracono */,
			);
		};
/* End PBXProject section */

/* Begin PBXResourcesBuildPhase section */
		9336711D1FFC0E8A007CCCEB /* Resources */ = {
			isa = PBXResourcesBuildPhase;
			buildActionMask = 2147483647;
			files = (
				072FF68A214A1CE100C7BD75 /* thumbnail.png in Resources */,
				93CA31F11FFDCE8A004D7F50 /* texture.png in Resources */,
				072FF68B214A1CE100C7BD75 /* thumbnail@2x.png in Resources */,
			);
			runOnlyForDeploymentPostprocessing = 0;
		};
/* End PBXResourcesBuildPhase section */

/* Begin PBXSourcesBuildPhase section */
		9336711A1FFC0E8A007CCCEB /* Sources */ = {
			isa = PBXSourcesBuildPhase;
			buildActionMask = 2147483647;
			files = (
				93CA31ED1FFDCCAA004D7F50 /* NSImageExtensions.swift in Sources */,
				93CA31EF1FFDCDB0004D7F50 /* NSBundleExtensions.swift in Sources */,
				933C90111FFC70A7004F93BB /* saverView.swift in Sources */,
			);
			runOnlyForDeploymentPostprocessing = 0;
		};
/* End PBXSourcesBuildPhase section */

/* Begin XCBuildConfiguration section */
		933671271FFC0E8A007CCCEB /* Debug */ = {
			isa = XCBuildConfiguration;
			buildSettings = {
				ALWAYS_EMBED_SWIFT_STANDARD_LIBRARIES = YES;
				ALWAYS_SEARCH_USER_PATHS = NO;
				CLANG_ANALYZER_NONNULL = YES;
				CLANG_ANALYZER_NUMBER_OBJECT_CONVERSION = YES_AGGRESSIVE;
				CLANG_CXX_LANGUAGE_STANDARD = "gnu++14";
				CLANG_CXX_LIBRARY = "libc++";
				CLANG_ENABLE_MODULES = YES;
				CLANG_ENABLE_OBJC_ARC = YES;
				CLANG_WARN_BLOCK_CAPTURE_AUTORELEASING = YES;
				CLANG_WARN_BOOL_CONVERSION = YES;
				CLANG_WARN_COMMA = YES;
				CLANG_WARN_CONSTANT_CONVERSION = YES;
				CLANG_WARN_DEPRECATED_OBJC_IMPLEMENTATIONS = YES;
				CLANG_WARN_DIRECT_OBJC_ISA_USAGE = YES_ERROR;
				CLANG_WARN_DOCUMENTATION_COMMENTS = YES;
				CLANG_WARN_EMPTY_BODY = YES;
				CLANG_WARN_ENUM_CONVERSION = YES;
				CLANG_WARN_INFINITE_RECURSION = YES;
				CLANG_WARN_INT_CONVERSION = YES;
				CLANG_WARN_NON_LITERAL_NULL_CONVERSION = YES;
				CLANG_WARN_OBJC_IMPLICIT_RETAIN_SELF = YES;
				CLANG_WARN_OBJC_LITERAL_CONVERSION = YES;
				CLANG_WARN_OBJC_ROOT_CLASS = YES_ERROR;
				CLANG_WARN_RANGE_LOOP_ANALYSIS = YES;
				CLANG_WARN_STRICT_PROTOTYPES = YES;
				CLANG_WARN_SUSPICIOUS_MOVE = YES;
				CLANG_WARN_UNGUARDED_AVAILABILITY = YES_AGGRESSIVE;
				CLANG_WARN_UNREACHABLE_CODE = YES;
				CLANG_WARN__DUPLICATE_METHOD_MATCH = YES;
				CODE_SIGN_IDENTITY = "Mac Developer";
				COPY_PHASE_STRIP = NO;
				DEBUG_INFORMATION_FORMAT = dwarf;
				ENABLE_STRICT_OBJC_MSGSEND = YES;
				ENABLE_TESTABILITY = YES;
				GCC_C_LANGUAGE_STANDARD = gnu11;
				GCC_DYNAMIC_NO_PIC = NO;
				GCC_NO_COMMON_BLOCKS = YES;
				GCC_OPTIMIZATION_LEVEL = 0;
				GCC_PREPROCESSOR_DEFINITIONS = (
					"DEBUG=1",
					"$(inherited)",
				);
				GCC_WARN_64_TO_32_BIT_CONVERSION = YES;
				GCC_WARN_ABOUT_RETURN_TYPE = YES_ERROR;
				GCC_WARN_UNDECLARED_SELECTOR = YES;
				GCC_WARN_UNINITIALIZED_AUTOS = YES_AGGRESSIVE;
				GCC_WARN_UNUSED_FUNCTION = YES;
				GCC_WARN_UNUSED_VARIABLE = YES;
				MACOSX_DEPLOYMENT_TARGET = 10.10;
				MTL_ENABLE_DEBUG_INFO = YES;
				ONLY_ACTIVE_ARCH = YES;
				SDKROOT = macosx;
			};
			name = Debug;
		};
		933671281FFC0E8A007CCCEB /* Release */ = {
			isa = XCBuildConfiguration;
			buildSettings = {
				ALWAYS_EMBED_SWIFT_STANDARD_LIBRARIES = YES;
				ALWAYS_SEARCH_USER_PATHS = NO;
				CLANG_ANALYZER_NONNULL = YES;
				CLANG_ANALYZER_NUMBER_OBJECT_CONVERSION = YES_AGGRESSIVE;
				CLANG_CXX_LANGUAGE_STANDARD = "gnu++14";
				CLANG_CXX_LIBRARY = "libc++";
				CLANG_ENABLE_MODULES = YES;
				CLANG_ENABLE_OBJC_ARC = YES;
				CLANG_WARN_BLOCK_CAPTURE_AUTORELEASING = YES;
				CLANG_WARN_BOOL_CONVERSION = YES;
				CLANG_WARN_COMMA = YES;
				CLANG_WARN_CONSTANT_CONVERSION = YES;
				CLANG_WARN_DEPRECATED_OBJC_IMPLEMENTATIONS = YES;
				CLANG_WARN_DIRECT_OBJC_ISA_USAGE = YES_ERROR;
				CLANG_WARN_DOCUMENTATION_COMMENTS = YES;
				CLANG_WARN_EMPTY_BODY = YES;
				CLANG_WARN_ENUM_CONVERSION = YES;
				CLANG_WARN_INFINITE_RECURSION = YES;
				CLANG_WARN_INT_CONVERSION = YES;
				CLANG_WARN_NON_LITERAL_NULL_CONVERSION = YES;
				CLANG_WARN_OBJC_IMPLICIT_RETAIN_SELF = YES;
				CLANG_WARN_OBJC_LITERAL_CONVERSION = YES;
				CLANG_WARN_OBJC_ROOT_CLASS = YES_ERROR;
				CLANG_WARN_RANGE_LOOP_ANALYSIS = YES;
				CLANG_WARN_STRICT_PROTOTYPES = YES;
				CLANG_WARN_SUSPICIOUS_MOVE = YES;
				CLANG_WARN_UNGUARDED_AVAILABILITY = YES_AGGRESSIVE;
				CLANG_WARN_UNREACHABLE_CODE = YES;
				CLANG_WARN__DUPLICATE_METHOD_MATCH = YES;
				CODE_SIGN_IDENTITY = "Mac Developer";
				COPY_PHASE_STRIP = NO;
				DEBUG_INFORMATION_FORMAT = "dwarf-with-dsym";
				ENABLE_NS_ASSERTIONS = NO;
				ENABLE_STRICT_OBJC_MSGSEND = YES;
				GCC_C_LANGUAGE_STANDARD = gnu11;
				GCC_NO_COMMON_BLOCKS = YES;
				GCC_WARN_64_TO_32_BIT_CONVERSION = YES;
				GCC_WARN_ABOUT_RETURN_TYPE = YES_ERROR;
				GCC_WARN_UNDECLARED_SELECTOR = YES;
				GCC_WARN_UNINITIALIZED_AUTOS = YES_AGGRESSIVE;
				GCC_WARN_UNUSED_FUNCTION = YES;
				GCC_WARN_UNUSED_VARIABLE = YES;
				MACOSX_DEPLOYMENT_TARGET = 10.10;
				MTL_ENABLE_DEBUG_INFO = NO;
				SDKROOT = macosx;
				SWIFT_COMPILATION_MODE = wholemodule;
			};
			name = Release;
		};
		9336712A1FFC0E8A007CCCEB /* Debug */ = {
			isa = XCBuildConfiguration;
			buildSettings = {
				ALWAYS_EMBED_SWIFT_STANDARD_LIBRARIES = YES;
				CLANG_ENABLE_MODULES = YES;
				CODE_SIGN_STYLE = Automatic;
				COMBINE_HIDPI_IMAGES = YES;
				DEVELOPMENT_TEAM = 2T5W462SEL;
				INFOPLIST_FILE = tetracono/Info.plist;
				INSTALL_PATH = "$(HOME)/Library/Screen Savers";
				LD_RUNPATH_SEARCH_PATHS = "$(inherited) @executable_path/../Frameworks @loader_path/../Frameworks";
				MACOSX_DEPLOYMENT_TARGET = 10.10;
				PRODUCT_BUNDLE_IDENTIFIER = "com.o-r-g.tetracono";
				PRODUCT_NAME = "$(TARGET_NAME)";
				SWIFT_OPTIMIZATION_LEVEL = "-Onone";
				SWIFT_VERSION = 3.0;
				WRAPPER_EXTENSION = saver;
			};
			name = Debug;
		};
		9336712B1FFC0E8A007CCCEB /* Release */ = {
			isa = XCBuildConfiguration;
			buildSettings = {
				ALWAYS_EMBED_SWIFT_STANDARD_LIBRARIES = YES;
				CLANG_ENABLE_MODULES = YES;
				CODE_SIGN_STYLE = Automatic;
				COMBINE_HIDPI_IMAGES = YES;
				DEVELOPMENT_TEAM = 2T5W462SEL;
				INFOPLIST_FILE = tetracono/Info.plist;
				INSTALL_PATH = "$(HOME)/Library/Screen Savers";
				LD_RUNPATH_SEARCH_PATHS = "$(inherited) @executable_path/../Frameworks @loader_path/../Frameworks";
				MACOSX_DEPLOYMENT_TARGET = 10.10;
				PRODUCT_BUNDLE_IDENTIFIER = "com.o-r-g.tetracono";
				PRODUCT_NAME = "$(TARGET_NAME)";
				SWIFT_VERSION = 3.0;
				WRAPPER_EXTENSION = saver;
			};
			name = Release;
		};
/* End XCBuildConfiguration section */

/* Begin XCConfigurationList section */
		933671191FFC0E8A007CCCEB /* Build configuration list for PBXProject "tetracono" */ = {
			isa = XCConfigurationList;
			buildConfigurations = (
				933671271FFC0E8A007CCCEB /* Debug */,
				933671281FFC0E8A007CCCEB /* Release */,
			);
			defaultConfigurationIsVisible = 0;
			defaultConfigurationName = Release;
		};
		933671291FFC0E8A007CCCEB /* Build configuration list for PBXNativeTarget "tetracono" */ = {
			isa = XCConfigurationList;
			buildConfigurations = (
				9336712A1FFC0E8A007CCCEB /* Debug */,
				9336712B1FFC0E8A007CCCEB /* Release */,
			);
			defaultConfigurationIsVisible = 0;
			defaultConfigurationName = Release;
		};
/* End XCConfigurationList section */
	};
	rootObject = 933671161FFC0E8A007CCCEB /* Project object */;
}
